<?xml version="1.0" encoding="utf-8"?>
<Project ToolsVersion="4.0" xmlns="http://schemas.microsoft.com/developer/msbuild/2003">
  <ItemGroup>
    <Filter Include="Source Files">
      <UniqueIdentifier>{4FC737F1-C7A5-4376-A066-2A32D752A2FF}</UniqueIdentifier>
      <Extensions>cpp;c;cc;cxx;c++;cppm;ixx;def;odl;idl;hpj;bat;asm;asmx</Extensions>
    </Filter>
    <Filter Include="Source Files\Core">
      <UniqueIdentifier>{c88ca83e-c59b-4836-babb-560e118bff3a}</UniqueIdentifier>
    </Filter>
    <Filter Include="Source Files\UI">
      <UniqueIdentifier>{0cfc389e-b815-4c77-9e00-8ad91bbe0143}</UniqueIdentifier>
    </Filter>
    <Filter Include="Source Files\Application">
      <UniqueIdentifier>{0f9da2d2-08f2-4b68-ae07-6c6586f593b4}</UniqueIdentifier>
    </Filter>
    <Filter Include="Source Files\Model">
      <UniqueIdentifier>{b322bc66-bae3-44d4-b9fb-c5d7c784b5cf}</UniqueIdentifier>
    </Filter>
    <Filter Include="Source Files\Networking">
      <UniqueIdentifier>{a72867b5-0df4-471c-a1dd-56fa85ff1a12}</UniqueIdentifier>
    </Filter>
    <Filter Include="Source Files\Converter">
      <UniqueIdentifier>{546b52e0-f93a-4a62-8278-66cfdf1cee19}</UniqueIdentifier>
    </Filter>
    <Filter Include="Source Files\Interface">
      <UniqueIdentifier>{846f67d8-9436-4778-902b-f5db19a2d8b6}</UniqueIdentifier>
    </Filter>
    <Filter Include="Source Files\Enumerables">
      <UniqueIdentifier>{f7101c1b-4b0e-4565-8e45-d2ada0122e0e}</UniqueIdentifier>
    </Filter>
    <Filter Include="Source Files\Controller">
      <UniqueIdentifier>{e3d88017-b28a-41be-ae50-1c7bf373b967}</UniqueIdentifier>
    </Filter>
  </ItemGroup>
  <ItemGroup>
    <ClCompile Include="Core_Library.cpp">
      <Filter>Source Files\Core</Filter>
    </ClCompile>
    <ClCompile Include="UI_Library.cpp">
      <Filter>Source Files\UI</Filter>
    </ClCompile>
    <ClCompile Include="Application_Library.cpp">
      <Filter>Source Files\Application</Filter>
    </ClCompile>
    <ClCompile Include="Networking_Library.cpp">
      <Filter>Source Files\Networking</Filter>
    </ClCompile>
    <ClCompile Include="EDog.h">
      <Filter>Source Files\Enumerables</Filter>
    </ClCompile>
    <ClCompile Include="Controller.cpp">
      <Filter>Source Files\Controller</Filter>
    </ClCompile>
    <ClCompile Include="MUser.cpp">
      <Filter>Source Files\Model</Filter>
    </ClCompile>
  </ItemGroup>
  <ItemGroup>
    <ClInclude Include="Core_Library.h">
      <Filter>Source Files\Core</Filter>
    </ClInclude>
    <ClInclude Include="UI_Library.h">
      <Filter>Source Files\UI</Filter>
    </ClInclude>
    <ClInclude Include="Application_Library.h">
      <Filter>Source Files\Application</Filter>
    </ClInclude>
    <ClInclude Include="Networking_Library.h">
      <Filter>Source Files\Networking</Filter>
    </ClInclude>
    <ClInclude Include="MDog.h">
      <Filter>Source Files\Model</Filter>
    </ClInclude>
    <ClInclude Include="Controller.h">
      <Filter>Source Files\Controller</Filter>
    </ClInclude>
    <ClInclude Include="MUser.h">
      <Filter>Source Files\Model</Filter>
    </ClInclude>
  </ItemGroup>
</Project>